
Microsoft Visual Studio Solution File, Format Version 12.00
# Visual Studio 15
Project("{FAE04EC0-301F-11D3-BF4B-00C04F79EFBC}") = "Assembly-CSharp", "Assembly-CSharp.csproj", "{05443D74-4F3D-3E7B-F88A-A0A2F98F8F46}"
EndProject
Project("{FAE04EC0-301F-11D3-BF4B-00C04F79EFBC}") = "Assembly-CSharp-Editor", "Assembly-CSharp-Editor.csproj", "{7DB5005A-2B57-FF22-3DE7-617EE98E8254}"
EndProject
Global
	GlobalSection(SolutionConfigurationPlatforms) = preSolution
		Debug|Any CPU = Debug|Any CPU
		Release|Any CPU = Release|Any CPU
	EndGlobalSection
	GlobalSection(ProjectConfigurationPlatforms) = postSolution
		{05443D74-4F3D-3E7B-F88A-A0A2F98F8F46}.Debug|Any CPU.ActiveCfg = Debug|Any CPU
		{05443D74-4F3D-3E7B-F88A-A0A2F98F8F46}.Debug|Any CPU.Build.0 = Debug|Any CPU
		{05443D74-4F3D-3E7B-F88A-A0A2F98F8F46}.Release|Any CPU.ActiveCfg = Release|Any CPU
		{05443D74-4F3D-3E7B-F88A-A0A2F98F8F46}.Release|Any CPU.Build.0 = Release|Any CPU
		{7DB5005A-2B57-FF22-3DE7-617EE98E8254}.Debug|Any CPU.ActiveCfg = Debug|Any CPU
		{7DB5005A-2B57-FF22-3DE7-617EE98E8254}.Debug|Any CPU.Build.0 = Debug|Any CPU
		{7DB5005A-2B57-FF22-3DE7-617EE98E8254}.Release|Any CPU.ActiveCfg = Release|Any CPU
		{7DB5005A-2B57-FF22-3DE7-617EE98E8254}.Release|Any CPU.Build.0 = Release|Any CPU
	EndGlobalSection
	GlobalSection(SolutionProperties) = preSolution
		HideSolutionNode = FALSE
	EndGlobalSection
EndGlobal
