
Microsoft Visual Studio Solution File, Format Version 12.00
# Visual Studio 15
Project("{FAE04EC0-301F-11D3-BF4B-00C04F79EFBC}") = "Assembly-CSharp", "Assembly-CSharp.csproj", "{FBDDBFE7-4092-B1C9-89D9-0FD9769E495A}"
EndProject
Project("{FAE04EC0-301F-11D3-BF4B-00C04F79EFBC}") = "Assembly-CSharp-Editor", "Assembly-CSharp-Editor.csproj", "{608156A9-C8DB-C606-E61A-576F713C5FFC}"
EndProject
Global
	GlobalSection(SolutionConfigurationPlatforms) = preSolution
		Debug|Any CPU = Debug|Any CPU
		Release|Any CPU = Release|Any CPU
	EndGlobalSection
	GlobalSection(ProjectConfigurationPlatforms) = postSolution
		{FBDDBFE7-4092-B1C9-89D9-0FD9769E495A}.Debug|Any CPU.ActiveCfg = Debug|Any CPU
		{FBDDBFE7-4092-B1C9-89D9-0FD9769E495A}.Debug|Any CPU.Build.0 = Debug|Any CPU
		{FBDDBFE7-4092-B1C9-89D9-0FD9769E495A}.Release|Any CPU.ActiveCfg = Release|Any CPU
		{FBDDBFE7-4092-B1C9-89D9-0FD9769E495A}.Release|Any CPU.Build.0 = Release|Any CPU
		{608156A9-C8DB-C606-E61A-576F713C5FFC}.Debug|Any CPU.ActiveCfg = Debug|Any CPU
		{608156A9-C8DB-C606-E61A-576F713C5FFC}.Debug|Any CPU.Build.0 = Debug|Any CPU
		{608156A9-C8DB-C606-E61A-576F713C5FFC}.Release|Any CPU.ActiveCfg = Release|Any CPU
		{608156A9-C8DB-C606-E61A-576F713C5FFC}.Release|Any CPU.Build.0 = Release|Any CPU
	EndGlobalSection
	GlobalSection(SolutionProperties) = preSolution
		HideSolutionNode = FALSE
	EndGlobalSection
EndGlobal
